
Microsoft Visual Studio Solution File, Format Version 12.00
Project("{FAE04EC0-301F-11D3-BF4B-00C04F79EFBC}") = "PromptTrails", "PromptTrails\PromptTrails.csproj", "{C60DBC43-90A3-4C40-A8CA-E762159E2D80}"
EndProject
Global
	GlobalSection(SolutionConfigurationPlatforms) = preSolution
		Debug|Any CPU = Debug|Any CPU
		Release|Any CPU = Release|Any CPU
	EndGlobalSection
	GlobalSection(ProjectConfigurationPlatforms) = postSolution
		{C60DBC43-90A3-4C40-A8CA-E762159E2D80}.Debug|Any CPU.ActiveCfg = Debug|Any CPU
		{C60DBC43-90A3-4C40-A8CA-E762159E2D80}.Debug|Any CPU.Build.0 = Debug|Any CPU
		{C60DBC43-90A3-4C40-A8CA-E762159E2D80}.Release|Any CPU.ActiveCfg = Release|Any CPU
		{C60DBC43-90A3-4C40-A8CA-E762159E2D80}.Release|Any CPU.Build.0 = Release|Any CPU
	EndGlobalSection
EndGlobal
